{
  "version": 1,
  "dependencies": {
    ".NETCoreApp,Version=v2.1": {
      "CommandLineParser": {
        "type": "Direct",
        "requested": "[2.3.0, )",
        "resolved": "2.3.0",
        "contentHash": "6+1jEX68n//oePpqTzxx9cjM3/yPZXqi6F/tTb31wP3qVe5CpTpO/XOc4wBRgT36bHkCPl49DxyRmyniguutsw==",
        "dependencies": {
          "System.Collections": "4.0.11-rc2-24027",
          "System.Console": "4.0.0-rc2-24027",
          "System.Diagnostics.Debug": "4.0.11-rc2-24027",
          "System.Globalization": "4.0.11-rc2-24027",
          "System.IO": "4.1.0-rc2-24027",
          "System.Linq": "4.1.0-rc2-24027",
          "System.Linq.Expressions": "4.0.11-rc2-24027",
          "System.Reflection": "4.1.0-rc2-24027",
          "System.Reflection.Extensions": "4.0.1-rc2-24027",
          "System.Reflection.TypeExtensions": "4.1.0-rc2-24027",
          "System.Resources.ResourceManager": "4.0.1-rc2-24027",
          "System.Runtime": "4.1.0-rc2-24027",
          "System.Runtime.Extensions": "4.1.0-rc2-24027"
        }
      },
      "Microsoft.CodeAnalysis.FxCopAnalyzers": {
        "type": "Direct",
        "requested": "[2.6.2, )",
        "resolved": "2.6.2",
        "contentHash": "ZbEtS7b884u20I1wOjhjG2M1dMf4hC1M2wZS4ovGTzhgz14lvRG7DUnuqrXWJGJDl3jVVPVeKAKBA68vIUuH6Q==",
        "dependencies": {
          "Microsoft.CodeQuality.Analyzers": "[2.6.2]",
          "Microsoft.NetCore.Analyzers": "[2.6.2]",
          "Microsoft.NetFramework.Analyzers": "[2.6.2]",
          "Text.Analyzers": "[2.6.2]"
        }
      },
      "Microsoft.Extensions.Configuration.EnvironmentVariables": {
        "type": "Direct",
        "requested": "[2.2.0, )",
        "resolved": "2.2.0",
        "contentHash": "ZjqIn6gtKmAXJa5pWh9n+foC1kDR148LhnnVgbxQcyRC+YR1aWEuiUh2Z3FvSXir/JlnAL+cwqA54dCZVo/LrQ==",
        "dependencies": {
          "Microsoft.Extensions.Configuration": "2.2.0"
        }
      },
      "Microsoft.Extensions.Configuration.Json": {
        "type": "Direct",
        "requested": "[2.2.0, )",
        "resolved": "2.2.0",
        "contentHash": "CqqFzpFuW9rOWOHI9c3JrGrOOogfLRrGTWVU2AIFkxXRQ/bAg5lL3WabkVEywmTRo58AI3p6sT0ACNy9s279VA==",
        "dependencies": {
          "Microsoft.Extensions.Configuration": "2.2.0",
          "Microsoft.Extensions.Configuration.FileExtensions": "2.2.0",
          "Newtonsoft.Json": "11.0.2"
        }
      },
      "Microsoft.Extensions.DependencyInjection": {
        "type": "Direct",
        "requested": "[2.2.0, )",
        "resolved": "2.2.0",
        "contentHash": "ASF77AJjnyi9hL7IJU1KCAvnCTgI3JEwkU+D4gnKd53nFIYpibVjR6SW8tdTkkuZ+QkmIx2rPvKdTMNVPfVU9A==",
        "dependencies": {
          "Microsoft.Extensions.DependencyInjection.Abstractions": "2.2.0"
        }
      },
      "Microsoft.NETCore.App": {
        "type": "Direct",
        "requested": "[2.1.0, )",
        "resolved": "2.1.0",
        "contentHash": "JNHhG+j5eIhG26+H721IDmwswGUznTwwSuJMFe/08h0X2YarHvA15sVAvUkA/2Sp3W0ENNm48t+J7KTPRqEpfA==",
        "dependencies": {
          "Microsoft.NETCore.DotNetHostPolicy": "2.1.0",
          "Microsoft.NETCore.Platforms": "2.1.0",
          "Microsoft.NETCore.Targets": "2.1.0",
          "NETStandard.Library": "2.0.3"
        }
      },
      "StyleCop.Analyzers": {
        "type": "Direct",
        "requested": "[1.0.2, )",
        "resolved": "1.0.2",
        "contentHash": "3xD87lafnVhsSEtJKk50G7FGutvaXkFz4XrrLrxnk/DhZU42dnCGWUsvKuBv4mTS0XdIgTY88tLhxW/8Vi3Pow=="
      },
      "Microsoft.CodeQuality.Analyzers": {
        "type": "Transitive",
        "resolved": "2.6.2",
        "contentHash": "3NkjweORWpe6ByfVtrPnQBerTfq2b7BJIAAbjS3yw2r8ldxLaV4gpJ3aMQsiVco1TlqVd1TdGiDZPJvBpVOyBQ=="
      },
      "Microsoft.CSharp": {
        "type": "Transitive",
        "resolved": "4.5.0",
        "contentHash": "kaj6Wb4qoMuH3HySFJhxwQfe8R/sJsNJnANrvv8WdFPMoNbKY5htfNscv+LHCu5ipz+49m2e+WQXpLXr9XYemQ=="
      },
      "Microsoft.EntityFrameworkCore": {
        "type": "Transitive",
        "resolved": "2.2.0",
        "contentHash": "9XzZquAR+GM985YWDRFrFlXHPgCa250LVrxmkhbAhVkDCnuc8OUjyj0K2g9gN5Q79ILJkAhDfmBxBms+Mxpv0g==",
        "dependencies": {
          "Microsoft.EntityFrameworkCore.Abstractions": "2.2.0",
          "Microsoft.EntityFrameworkCore.Analyzers": "2.2.0",
          "Microsoft.Extensions.Caching.Memory": "2.2.0",
          "Microsoft.Extensions.DependencyInjection": "2.2.0",
          "Microsoft.Extensions.Logging": "2.2.0",
          "Remotion.Linq": "2.2.0",
          "System.Collections.Immutable": "1.5.0",
          "System.ComponentModel.Annotations": "4.5.0",
          "System.Diagnostics.DiagnosticSource": "4.5.0",
          "System.Interactive.Async": "3.2.0"
        }
      },
      "Microsoft.EntityFrameworkCore.Abstractions": {
        "type": "Transitive",
        "resolved": "2.2.0",
        "contentHash": "kYqXcp+NYZ+DxEuinyteBLtLf+LsDDnvNb0ljfB3aN5e8rzikS0FMmJDWWg6nhZLhlFnXCQ5KrsyriGspSjfvA=="
      },
      "Microsoft.EntityFrameworkCore.Analyzers": {
        "type": "Transitive",
        "resolved": "2.2.0",
        "contentHash": "8/LS/OW/KWU/TcLoaJbw/wWrqV4BD6bpZA94Qh/N084MyEzucoakL1ViNoGjCHk9c6MJptFBDBWLTXvdhJqP/w=="
      },
      "Microsoft.EntityFrameworkCore.Design": {
        "type": "Transitive",
        "resolved": "2.2.0",
        "contentHash": "aAyZDx6RcanRXJGVRfstJ8cgeH+orugUyMKIuTJqHgXYyvSgzsCfzlXCuyN2XeACwfK2CBEYCAn7y1zW4I+6tQ==",
        "dependencies": {
          "Microsoft.CSharp": "4.5.0",
          "Microsoft.EntityFrameworkCore.Relational": "2.2.0"
        }
      },
      "Microsoft.EntityFrameworkCore.Relational": {
        "type": "Transitive",
        "resolved": "2.2.0",
        "contentHash": "gfozvhextM1sJkFQ3ME3s7CdC0bKACtv1KyN6kYvBXKCmdmgqkNOqZR/F70sjEpwqZbWwdVHJzPWMADxvcDR1w==",
        "dependencies": {
          "Microsoft.EntityFrameworkCore": "2.2.0"
        }
      },
      "Microsoft.Extensions.Caching.Abstractions": {
        "type": "Transitive",
        "resolved": "2.2.0",
        "contentHash": "L82fEbPUzi8K6+p4olT8BHtV5SWaIbQg/UGFcsq0STRXJ9I4XR2BazCKJF95Crqn0djENa3qC761eTnOuh+u1w==",
        "dependencies": {
          "Microsoft.Extensions.Primitives": "2.2.0"
        }
      },
      "Microsoft.Extensions.Caching.Memory": {
        "type": "Transitive",
        "resolved": "2.2.0",
        "contentHash": "p0IHvn/uCWZNavHf9EqT1kmZByzSbeqBXbn7Yo13RLIZhCVUsdik4v4gMEgAC+nN0zaTuBwLRysAB1+MFmIUng==",
        "dependencies": {
          "Microsoft.Extensions.Caching.Abstractions": "2.2.0",
          "Microsoft.Extensions.DependencyInjection.Abstractions": "2.2.0",
          "Microsoft.Extensions.Options": "2.2.0"
        }
      },
      "Microsoft.Extensions.Configuration": {
        "type": "Transitive",
        "resolved": "2.2.0",
        "contentHash": "0MtJgCZ5tIw7LoxOlXlifwVTwfMd4YdMJ9+DVZyX/fqqXO9zseZ8hH2WxbJzDbBDp45nA8rwHlL4JH/6Z98B4w==",
        "dependencies": {
          "Microsoft.Extensions.Configuration.Abstractions": "2.2.0"
        }
      },
      "Microsoft.Extensions.Configuration.Abstractions": {
        "type": "Transitive",
        "resolved": "2.2.0",
        "contentHash": "M6u4cMWXxPtqyJJ03oezyqTORmSgTPpa2gZRKkEGCXXHhyGnM1cHjPTzq5sevYS1VJEMb2TZj60mAc+hDoPPcQ==",
        "dependencies": {
          "Microsoft.Extensions.Primitives": "2.2.0"
        }
      },
      "Microsoft.Extensions.Configuration.Binder": {
        "type": "Transitive",
        "resolved": "2.2.0",
        "contentHash": "6ANwTuQZqIIt0guKAdS9Mn6c+PfhOBpqRm7FslUJqtG000uo0Cd3pAndk92RQq0ygDFRub/ftiRy8DukWXqNzQ==",
        "dependencies": {
          "Microsoft.Extensions.Configuration": "2.2.0"
        }
      },
      "Microsoft.Extensions.Configuration.FileExtensions": {
        "type": "Transitive",
        "resolved": "2.2.0",
        "contentHash": "BnkmTopJ7m+p0/EBshdJmoWroUvMlu+oA+bDvzEWh3WA9rOYdnTZueQ7Ap1oSfUnHnPBnuWae/ED8hHlM/sQxA==",
        "dependencies": {
          "Microsoft.Extensions.Configuration": "2.2.0",
          "Microsoft.Extensions.FileProviders.Physical": "2.2.0"
        }
      },
      "Microsoft.Extensions.DependencyInjection.Abstractions": {
        "type": "Transitive",
        "resolved": "2.2.0",
        "contentHash": "2xMk9LHz1EY+7gVG0lG4qBvkUiVjg8QNPqd2HYmEP5+PL7Ayo96EhBieAhd++Gx4yM+xN8kNqmhZdFMBHeG0HQ=="
      },
      "Microsoft.Extensions.FileProviders.Abstractions": {
        "type": "Transitive",
        "resolved": "2.2.0",
        "contentHash": "33vTyijzAVEfbuNFts68R7bW02cJMiw21MFgMBk+XL+thcbv335PVD1+DdMSvN6e5DeAR4OmPSRsKIr86Yk4qg==",
        "dependencies": {
          "Microsoft.Extensions.Primitives": "2.2.0"
        }
      },
      "Microsoft.Extensions.FileProviders.Physical": {
        "type": "Transitive",
        "resolved": "2.2.0",
        "contentHash": "Qt6sUa56/XbLxYshrCzwJYhHO9TkVa9Adch1qVqr7PGuLCxRs3K7nGMv3I6msUvAJqiJE33Oexz6KrT4hcUHgA==",
        "dependencies": {
          "Microsoft.Extensions.FileProviders.Abstractions": "2.2.0",
          "Microsoft.Extensions.FileSystemGlobbing": "2.2.0"
        }
      },
      "Microsoft.Extensions.FileSystemGlobbing": {
        "type": "Transitive",
        "resolved": "2.2.0",
        "contentHash": "WGASE48sldx5PHrmxpmW0qFJ0M0mZXhF9IgdBDTSNmnys7Qfw7xTuHs/nmbA1Wo8Y8XFI7K2cJKf9Ql/nBK4Rw=="
      },
      "Microsoft.Extensions.Logging": {
        "type": "Transitive",
        "resolved": "2.2.0",
        "contentHash": "wa1Uk8sVuEzHtwZPoDNhQiFDjlDe9t74+Iess26uqhIwn02T79v/GB/pLCJ08MOvuM953LfleJW6VPr/wVXCJw==",
        "dependencies": {
          "Microsoft.Extensions.Configuration.Binder": "2.2.0",
          "Microsoft.Extensions.DependencyInjection.Abstractions": "2.2.0",
          "Microsoft.Extensions.Logging.Abstractions": "2.2.0",
          "Microsoft.Extensions.Options": "2.2.0"
        }
      },
      "Microsoft.Extensions.Logging.Abstractions": {
        "type": "Transitive",
        "resolved": "2.2.0",
        "contentHash": "1iYT6BAnJZGebfclQXiM/drK+JUztSikkpT3xcASBQW4og877bsXtjqrMM4EI71nf8UVtvHt6O8pMdYDEE8/Lw=="
      },
      "Microsoft.Extensions.Options": {
        "type": "Transitive",
        "resolved": "2.2.0",
        "contentHash": "67zpvElD/YPcfRs1Qm58LSntnSm+kYSA+0PA4+0Abo7NEH4RAvUkV54krspsa0+S4yBZ/m39gUOdn3PSzffazQ==",
        "dependencies": {
          "Microsoft.Extensions.DependencyInjection.Abstractions": "2.2.0",
          "Microsoft.Extensions.Primitives": "2.2.0",
          "System.ComponentModel.Annotations": "4.5.0"
        }
      },
      "Microsoft.Extensions.Primitives": {
        "type": "Transitive",
        "resolved": "2.2.0",
        "contentHash": "vpH+o7f8obVx65PiEtBXxTwL5RosK60fNIMy/y8WGE4/r4IvAqQGukOzMhxsp//Accvd7kmukyQTVkqVYdaDyA==",
        "dependencies": {
          "System.Memory": "4.5.1",
          "System.Runtime.CompilerServices.Unsafe": "4.5.1"
        }
      },
      "Microsoft.NetCore.Analyzers": {
        "type": "Transitive",
        "resolved": "2.6.2",
        "contentHash": "IHvymQJEYXhuavP0Z5iKXWlTOJw/8LWx/qWB32oJ3doVP+AEowjFe8NUfuNeELRARP0CXBnAgaa40lJB/FSBPA=="
      },
      "Microsoft.NETCore.DotNetAppHost": {
        "type": "Transitive",
        "resolved": "2.1.0",
        "contentHash": "vMn8V3GOp/SPOG2oE8WxswzAWZ/GZmc8EPiB3vc2EZ6us14ehXhsvUFXndYopGNSjCa9OdqC6L6xStF1KyUZnw=="
      },
      "Microsoft.NETCore.DotNetHostPolicy": {
        "type": "Transitive",
        "resolved": "2.1.0",
        "contentHash": "vBUwNihtLUVS2HhO6WocYfAktRmfFihm6JB8/sJ53caVW+AelvbnYpfiGzaZDpkWjN6vA3xzOKPu9Vu8Zz3p8Q==",
        "dependencies": {
          "Microsoft.NETCore.DotNetHostResolver": "2.1.0"
        }
      },
      "Microsoft.NETCore.DotNetHostResolver": {
        "type": "Transitive",
        "resolved": "2.1.0",
        "contentHash": "o0PRql5qOHFEY3d1WvzE+T7cMFKtOsWLMg8L1oTeGNnI4u5AzOj8o6AdZT3y2GxFA1DAx7AQ9qZjpCO2/bgZRw==",
        "dependencies": {
          "Microsoft.NETCore.DotNetAppHost": "2.1.0"
        }
      },
      "Microsoft.NETCore.Platforms": {
        "type": "Transitive",
        "resolved": "2.1.0",
        "contentHash": "ok+RPAtESz/9MUXeIEz6Lv5XAGQsaNmEYXMsgVALj4D7kqC8gveKWXWXbufLySR2fWrwZf8smyN5RmHu0e4BHA=="
      },
      "Microsoft.NETCore.Targets": {
        "type": "Transitive",
        "resolved": "2.1.0",
        "contentHash": "x188gIZXOwFXkPXyGavEcPGcR6RGvjFOES2QzskN4gERZjWPN34qhRsZVMC0CLJfQLGSButarcgWxPPM4vmg0w=="
      },
      "Microsoft.NetFramework.Analyzers": {
        "type": "Transitive",
        "resolved": "2.6.2",
        "contentHash": "ys6owm7wVw/fSPKrFnX47inHZWIRdK/6GIb2lnS/mw4pgh5kiCQcDaQWKh92DM41YbSx2LA/i/VGiGCN7iUEPQ=="
      },
      "NETStandard.Library": {
        "type": "Transitive",
        "resolved": "2.0.3",
        "contentHash": "st47PosZSHrjECdjeIzZQbzivYBJFv6P2nv4cj2ypdI204DO+vZ7l5raGMiX4eXMJ53RfOIg+/s4DHVZ54Nu2A==",
        "dependencies": {
          "Microsoft.NETCore.Platforms": "1.1.0"
        }
      },
      "Newtonsoft.Json": {
        "type": "Transitive",
        "resolved": "11.0.2",
        "contentHash": "IvJe1pj7JHEsP8B8J8DwlMEx8UInrs/x+9oVY+oCD13jpLu4JbJU2WCIsMRn5C4yW9+DgkaO8uiVE5VHKjpmdQ=="
      },
      "Npgsql": {
        "type": "Transitive",
        "resolved": "4.0.4",
        "contentHash": "h4lXWu8Xqogo+talX4ZtDtsrWyZPuRp+77BrpoJcfbIGFSGJg45dMUasytf/1WuKh/BRE3O8E3lKRtR2L9aPAQ==",
        "dependencies": {
          "System.Runtime.CompilerServices.Unsafe": "4.5.0",
          "System.Threading.Tasks.Extensions": "4.5.1",
          "System.ValueTuple": "4.5.0"
        }
      },
      "Npgsql.EntityFrameworkCore.PostgreSQL": {
        "type": "Transitive",
        "resolved": "2.2.0",
        "contentHash": "/dj1Mwsvy3IJdmep7qeyD0TdT07QOLiYBA170xbxY9bSqUawONhu5sPeRv+GxzgoEtqyX5IJqiopjVxdyiMWOg==",
        "dependencies": {
          "Microsoft.EntityFrameworkCore": "2.2.0",
          "Microsoft.EntityFrameworkCore.Abstractions": "2.2.0",
          "Microsoft.EntityFrameworkCore.Relational": "2.2.0",
          "Npgsql": "4.0.4"
        }
      },
      "Octokit": {
        "type": "Transitive",
        "resolved": "0.32.0",
        "contentHash": "g6fG2fJbgmjb/OXyXquCKQpKPqEtoUajNGb+mdD9wb47px8SURnxADX6azujc4tKR0uUCNkrHLYvERwl02pbYw==",
        "dependencies": {
          "NETStandard.Library": "1.6.0"
        }
      },
      "Remotion.Linq": {
        "type": "Transitive",
        "resolved": "2.2.0",
        "contentHash": "fK/76UmpC0FXBlGDFVPLJHQlDLYnGC+XY3eoDgCgbtrhi0vzbXDQ3n/IYHhqSKqXQfGw/u04A1drWs7rFVkRjw==",
        "dependencies": {
          "System.Collections": "4.0.11",
          "System.Diagnostics.Debug": "4.0.11",
          "System.Linq": "4.1.0",
          "System.Linq.Expressions": "4.1.0",
          "System.Linq.Queryable": "4.0.1",
          "System.ObjectModel": "4.0.12",
          "System.Reflection": "4.1.0",
          "System.Reflection.Extensions": "4.0.1",
          "System.Runtime": "4.1.0",
          "System.Runtime.Extensions": "4.1.0",
          "System.Threading": "4.0.11"
        }
      },
      "System.Collections": {
        "type": "Transitive",
        "resolved": "4.0.11",
        "contentHash": "YUJGz6eFKqS0V//mLt25vFGrrCvOnsXjlvFQs+KimpwNxug9x0Pzy4PlFMU3Q2IzqAa9G2L4LsK3+9vCBK7oTg==",
        "dependencies": {
          "Microsoft.NETCore.Platforms": "1.0.1",
          "Microsoft.NETCore.Targets": "1.0.1",
          "System.Runtime": "4.1.0"
        }
      },
      "System.Collections.Immutable": {
        "type": "Transitive",
        "resolved": "1.5.0",
        "contentHash": "EXKiDFsChZW0RjrZ4FYHu9aW6+P4MCgEDCklsVseRfhoO0F+dXeMSsMRAlVXIo06kGJ/zv+2w1a2uc2+kxxSaQ=="
      },
      "System.ComponentModel.Annotations": {
        "type": "Transitive",
        "resolved": "4.5.0",
        "contentHash": "UxYQ3FGUOtzJ7LfSdnYSFd7+oEv6M8NgUatatIN2HxNtDdlcvFAf+VIq4Of9cDMJEJC0aSRv/x898RYhB4Yppg=="
      },
      "System.Console": {
        "type": "Transitive",
        "resolved": "4.0.0-rc2-24027",
        "contentHash": "ZkOW7ehVR6vnVTfttO0Z1uf3v7mT8cxQZbPHaGDyTt65qh4WzQOXgZYWqDNduyA1xWlvKh28XAhAkK0P39CcAA==",
        "dependencies": {
          "System.IO": "4.1.0-rc2-24027",
          "System.Runtime": "4.1.0-rc2-24027",
          "System.Text.Encoding": "4.0.11-rc2-24027"
        }
      },
      "System.Diagnostics.Debug": {
        "type": "Transitive",
        "resolved": "4.0.11",
        "contentHash": "w5U95fVKHY4G8ASs/K5iK3J5LY+/dLFd4vKejsnI/ZhBsWS9hQakfx3Zr7lRWKg4tAw9r4iktyvsTagWkqYCiw==",
        "dependencies": {
          "Microsoft.NETCore.Platforms": "1.0.1",
          "Microsoft.NETCore.Targets": "1.0.1",
          "System.Runtime": "4.1.0"
        }
      },
      "System.Diagnostics.DiagnosticSource": {
        "type": "Transitive",
        "resolved": "4.5.0",
        "contentHash": "eIHRELiYDQvsMToML81QFkXEEYXUSUT2F28t1SGrevWqP+epFdw80SyAXIKTXOHrIEXReFOEnEr7XlGiC2GgOg=="
      },
      "System.Globalization": {
        "type": "Transitive",
        "resolved": "4.0.11",
        "contentHash": "B95h0YLEL2oSnwF/XjqSWKnwKOy/01VWkNlsCeMTFJLLabflpGV26nK164eRs5GiaRSBGpOxQ3pKoSnnyZN5pg==",
        "dependencies": {
          "Microsoft.NETCore.Platforms": "1.0.1",
          "Microsoft.NETCore.Targets": "1.0.1",
          "System.Runtime": "4.1.0"
        }
      },
      "System.Interactive.Async": {
        "type": "Transitive",
        "resolved": "3.2.0",
        "contentHash": "T3nigy9yShklMyVu7I2TvlVMRy2vUn9oQeBaRy0KZcOptyy+rUbekYaXxoa3s0h2tWT3UVtzrGkQC89CBbCtlg=="
      },
      "System.IO": {
        "type": "Transitive",
        "resolved": "4.1.0",
        "contentHash": "3KlTJceQc3gnGIaHZ7UBZO26SHL1SHE4ddrmiwumFnId+CEHP+O8r386tZKaE6zlk5/mF8vifMBzHj9SaXN+mQ==",
        "dependencies": {
          "Microsoft.NETCore.Platforms": "1.0.1",
          "Microsoft.NETCore.Targets": "1.0.1",
          "System.Runtime": "4.1.0",
          "System.Text.Encoding": "4.0.11",
          "System.Threading.Tasks": "4.0.11"
        }
      },
      "System.Linq": {
        "type": "Transitive",
        "resolved": "4.1.0",
        "contentHash": "bQ0iYFOQI0nuTnt+NQADns6ucV4DUvMdwN6CbkB1yj8i7arTGiTN5eok1kQwdnnNWSDZfIUySQY+J3d5KjWn0g==",
        "dependencies": {
          "System.Collections": "4.0.11",
          "System.Diagnostics.Debug": "4.0.11",
          "System.Resources.ResourceManager": "4.0.1",
          "System.Runtime": "4.1.0",
          "System.Runtime.Extensions": "4.1.0"
        }
      },
      "System.Linq.Expressions": {
        "type": "Transitive",
        "resolved": "4.1.0",
        "contentHash": "I+y02iqkgmCAyfbqOmSDOgqdZQ5tTj80Akm5BPSS8EeB0VGWdy6X1KCoYe8Pk6pwDoAKZUOdLVxnTJcExiv5zw==",
        "dependencies": {
          "System.Collections": "4.0.11",
          "System.Diagnostics.Debug": "4.0.11",
          "System.Globalization": "4.0.11",
          "System.IO": "4.1.0",
          "System.Linq": "4.1.0",
          "System.ObjectModel": "4.0.12",
          "System.Reflection": "4.1.0",
          "System.Reflection.Emit": "4.0.1",
          "System.Reflection.Emit.ILGeneration": "4.0.1",
          "System.Reflection.Emit.Lightweight": "4.0.1",
          "System.Reflection.Extensions": "4.0.1",
          "System.Reflection.Primitives": "4.0.1",
          "System.Reflection.TypeExtensions": "4.1.0",
          "System.Resources.ResourceManager": "4.0.1",
          "System.Runtime": "4.1.0",
          "System.Runtime.Extensions": "4.1.0",
          "System.Threading": "4.0.11"
        }
      },
      "System.Linq.Queryable": {
        "type": "Transitive",
        "resolved": "4.0.1",
        "contentHash": "Yn/WfYe9RoRfmSLvUt2JerP0BTGGykCZkQPgojaxgzF2N0oPo+/AhB8TXOpdCcNlrG3VRtsamtK2uzsp3cqRVw==",
        "dependencies": {
          "System.Collections": "4.0.11",
          "System.Diagnostics.Debug": "4.0.11",
          "System.Linq": "4.1.0",
          "System.Linq.Expressions": "4.1.0",
          "System.Reflection": "4.1.0",
          "System.Reflection.Extensions": "4.0.1",
          "System.Resources.ResourceManager": "4.0.1",
          "System.Runtime": "4.1.0"
        }
      },
      "System.Memory": {
        "type": "Transitive",
        "resolved": "4.5.1",
        "contentHash": "sDJYJpGtTgx+23Ayu5euxG5mAXWdkDb4+b0rD0Cab0M1oQS9H0HXGPriKcqpXuiJDTV7fTp/d+fMDJmnr6sNvA=="
      },
      "System.ObjectModel": {
        "type": "Transitive",
        "resolved": "4.0.12",
        "contentHash": "tAgJM1xt3ytyMoW4qn4wIqgJYm7L7TShRZG4+Q4Qsi2PCcj96pXN7nRywS9KkB3p/xDUjc2HSwP9SROyPYDYKQ==",
        "dependencies": {
          "System.Collections": "4.0.11",
          "System.Diagnostics.Debug": "4.0.11",
          "System.Resources.ResourceManager": "4.0.1",
          "System.Runtime": "4.1.0",
          "System.Threading": "4.0.11"
        }
      },
      "System.Reflection": {
        "type": "Transitive",
        "resolved": "4.1.0",
        "contentHash": "JCKANJ0TI7kzoQzuwB/OoJANy1Lg338B6+JVacPl4TpUwi3cReg3nMLplMq2uqYfHFQpKIlHAUVAJlImZz/4ng==",
        "dependencies": {
          "Microsoft.NETCore.Platforms": "1.0.1",
          "Microsoft.NETCore.Targets": "1.0.1",
          "System.IO": "4.1.0",
          "System.Reflection.Primitives": "4.0.1",
          "System.Runtime": "4.1.0"
        }
      },
      "System.Reflection.Emit": {
        "type": "Transitive",
        "resolved": "4.0.1",
        "contentHash": "P2wqAj72fFjpP6wb9nSfDqNBMab+2ovzSDzUZK7MVIm54tBJEPr9jWfSjjoTpPwj1LeKcmX3vr0ttyjSSFM47g==",
        "dependencies": {
          "System.IO": "4.1.0",
          "System.Reflection": "4.1.0",
          "System.Reflection.Emit.ILGeneration": "4.0.1",
          "System.Reflection.Primitives": "4.0.1",
          "System.Runtime": "4.1.0"
        }
      },
      "System.Reflection.Emit.ILGeneration": {
        "type": "Transitive",
        "resolved": "4.0.1",
        "contentHash": "Ov6dU8Bu15Bc7zuqttgHF12J5lwSWyTf1S+FJouUXVMSqImLZzYaQ+vRr1rQ0OZ0HqsrwWl4dsKHELckQkVpgA==",
        "dependencies": {
          "System.Reflection": "4.1.0",
          "System.Reflection.Primitives": "4.0.1",
          "System.Runtime": "4.1.0"
        }
      },
      "System.Reflection.Emit.Lightweight": {
        "type": "Transitive",
        "resolved": "4.0.1",
        "contentHash": "sSzHHXueZ5Uh0OLpUQprhr+ZYJrLPA2Cmr4gn0wj9+FftNKXx8RIMKvO9qnjk2ebPYUjZ+F2ulGdPOsvj+MEjA==",
        "dependencies": {
          "System.Reflection": "4.1.0",
          "System.Reflection.Emit.ILGeneration": "4.0.1",
          "System.Reflection.Primitives": "4.0.1",
          "System.Runtime": "4.1.0"
        }
      },
      "System.Reflection.Extensions": {
        "type": "Transitive",
        "resolved": "4.0.1",
        "contentHash": "GYrtRsZcMuHF3sbmRHfMYpvxZoIN2bQGrYGerUiWLEkqdEUQZhH3TRSaC/oI4wO0II1RKBPlpIa1TOMxIcOOzQ==",
        "dependencies": {
          "Microsoft.NETCore.Platforms": "1.0.1",
          "Microsoft.NETCore.Targets": "1.0.1",
          "System.Reflection": "4.1.0",
          "System.Runtime": "4.1.0"
        }
      },
      "System.Reflection.Primitives": {
        "type": "Transitive",
        "resolved": "4.0.1",
        "contentHash": "4inTox4wTBaDhB7V3mPvp9XlCbeGYWVEM9/fXALd52vNEAVisc1BoVWQPuUuD0Ga//dNbA/WeMy9u9mzLxGTHQ==",
        "dependencies": {
          "Microsoft.NETCore.Platforms": "1.0.1",
          "Microsoft.NETCore.Targets": "1.0.1",
          "System.Runtime": "4.1.0"
        }
      },
      "System.Reflection.TypeExtensions": {
        "type": "Transitive",
        "resolved": "4.1.0",
        "contentHash": "tsQ/ptQ3H5FYfON8lL4MxRk/8kFyE0A+tGPXmVP967cT/gzLHYxIejIYSxp4JmIeFHVP78g/F2FE1mUUTbDtrg==",
        "dependencies": {
          "System.Reflection": "4.1.0",
          "System.Runtime": "4.1.0"
        }
      },
      "System.Resources.ResourceManager": {
        "type": "Transitive",
        "resolved": "4.0.1",
        "contentHash": "TxwVeUNoTgUOdQ09gfTjvW411MF+w9MBYL7AtNVc+HtBCFlutPLhUCdZjNkjbhj3bNQWMdHboF0KIWEOjJssbA==",
        "dependencies": {
          "Microsoft.NETCore.Platforms": "1.0.1",
          "Microsoft.NETCore.Targets": "1.0.1",
          "System.Globalization": "4.0.11",
          "System.Reflection": "4.1.0",
          "System.Runtime": "4.1.0"
        }
      },
      "System.Runtime": {
        "type": "Transitive",
        "resolved": "4.1.0",
        "contentHash": "v6c/4Yaa9uWsq+JMhnOFewrYkgdNHNG2eMKuNqRn8P733rNXeRCGvV5FkkjBXn2dbVkPXOsO0xjsEeM1q2zC0g==",
        "dependencies": {
          "Microsoft.NETCore.Platforms": "1.0.1",
          "Microsoft.NETCore.Targets": "1.0.1"
        }
      },
      "System.Runtime.CompilerServices.Unsafe": {
        "type": "Transitive",
        "resolved": "4.5.1",
        "contentHash": "Zh8t8oqolRaFa9vmOZfdQm/qKejdqz0J9kr7o2Fu0vPeoH3BL1EOXipKWwkWtLT1JPzjByrF19fGuFlNbmPpiw=="
      },
      "System.Runtime.Extensions": {
        "type": "Transitive",
        "resolved": "4.1.0",
        "contentHash": "CUOHjTT/vgP0qGW22U4/hDlOqXmcPq5YicBaXdUR2UiUoLwBT+olO6we4DVbq57jeX5uXH2uerVZhf0qGj+sVQ==",
        "dependencies": {
          "Microsoft.NETCore.Platforms": "1.0.1",
          "Microsoft.NETCore.Targets": "1.0.1",
          "System.Runtime": "4.1.0"
        }
      },
      "System.Text.Encoding": {
        "type": "Transitive",
        "resolved": "4.0.11",
        "contentHash": "U3gGeMlDZXxCEiY4DwVLSacg+DFWCvoiX+JThA/rvw37Sqrku7sEFeVBBBMBnfB6FeZHsyDx85HlKL19x0HtZA==",
        "dependencies": {
          "Microsoft.NETCore.Platforms": "1.0.1",
          "Microsoft.NETCore.Targets": "1.0.1",
          "System.Runtime": "4.1.0"
        }
      },
      "System.Threading": {
        "type": "Transitive",
        "resolved": "4.0.11",
        "contentHash": "N+3xqIcg3VDKyjwwCGaZ9HawG9aC6cSDI+s7ROma310GQo8vilFZa86hqKppwTHleR/G0sfOzhvgnUxWCR/DrQ==",
        "dependencies": {
          "System.Runtime": "4.1.0",
          "System.Threading.Tasks": "4.0.11"
        }
      },
      "System.Threading.Tasks": {
        "type": "Transitive",
        "resolved": "4.0.11",
        "contentHash": "k1S4Gc6IGwtHGT8188RSeGaX86Qw/wnrgNLshJvsdNUOPP9etMmo8S07c+UlOAx4K/xLuN9ivA1bD0LVurtIxQ==",
        "dependencies": {
          "Microsoft.NETCore.Platforms": "1.0.1",
          "Microsoft.NETCore.Targets": "1.0.1",
          "System.Runtime": "4.1.0"
        }
      },
      "System.Threading.Tasks.Extensions": {
        "type": "Transitive",
        "resolved": "4.5.1",
        "contentHash": "WSKUTtLhPR8gllzIWO2x6l4lmAIfbyMAiTlyXAis4QBDonXK4b4S6F8zGARX4/P8wH3DH+sLdhamCiHn+fTU1A=="
      },
      "System.ValueTuple": {
        "type": "Transitive",
        "resolved": "4.5.0",
        "contentHash": "okurQJO6NRE/apDIP23ajJ0hpiNmJ+f0BwOlB/cSqTLQlw5upkf+5+96+iG2Jw40G1fCVCyPz/FhIABUjMR+RQ=="
      },
      "Text.Analyzers": {
        "type": "Transitive",
        "resolved": "2.6.2",
        "contentHash": "3r0CramOpPpKXTzWCWQHQmE7hOmUC1+swEy6Mtj5ceP0atyYj+CqDCqb2xqNB0UPD/dO2ULWYdYl69gSxoxscw=="
      },
      "GitBucket.Core": {
        "type": "Project",
        "dependencies": {
          "CommandLineParser": "2.3.0",
          "Microsoft.CodeAnalysis.FxCopAnalyzers": "2.6.2",
          "Microsoft.EntityFrameworkCore.Design": "2.2.0",
          "Npgsql.EntityFrameworkCore.PostgreSQL": "2.2.0",
          "StyleCop.Analyzers": "1.0.2"
        }
      },
      "GitBucket.Data": {
        "type": "Project",
        "dependencies": {
          "GitBucket.Core": "1.0.0",
          "Microsoft.CodeAnalysis.FxCopAnalyzers": "2.6.2",
          "Microsoft.EntityFrameworkCore.Design": "2.2.0",
          "Npgsql.EntityFrameworkCore.PostgreSQL": "2.2.0",
          "StyleCop.Analyzers": "1.0.2"
        }
      },
      "GitBucket.Service": {
        "type": "Project",
        "dependencies": {
          "GitBucket.Core": "1.0.0",
          "GitBucket.Data": "1.0.0",
          "Microsoft.CodeAnalysis.FxCopAnalyzers": "2.6.2",
          "StyleCop.Analyzers": "1.0.2",
          "octokit": "0.32.0"
        }
      }
    }
  }
}